<Solution>
  <Folder Name="/Solution Items/">
    <File Path=".editorconfig" />
    <File Path="AGENTS.md" />
    <File Path="CHANGELOG.md" />
    <File Path="global.json" />
    <File Path="LICENSE" />
    <File Path="README.md" />
  </Folder>
  <Project Path="vcxproj2cmake.Tests/vcxproj2cmake.Tests.csproj" />
  <Project Path="vcxproj2cmake/vcxproj2cmake.csproj" />
</Solution>
